
Microsoft Visual Studio Solution File, Format Version 11.00
# Visual Studio 2010
Project("{FAE04EC0-301F-11D3-BF4B-00C04F79EFBC}") = "Manipulate_CSV", "Manipulate_CSV\Manipulate_CSV.csproj", "{0282021D-29EE-428B-B34B-96FBBEA0BC18}"
EndProject
Global
	GlobalSection(SolutionConfigurationPlatforms) = preSolution
		Debug|x86 = Debug|x86
		Release|x86 = Release|x86
	EndGlobalSection
	GlobalSection(ProjectConfigurationPlatforms) = postSolution
		{0282021D-29EE-428B-B34B-96FBBEA0BC18}.Debug|x86.ActiveCfg = Debug|x86
		{0282021D-29EE-428B-B34B-96FBBEA0BC18}.Debug|x86.Build.0 = Debug|x86
		{0282021D-29EE-428B-B34B-96FBBEA0BC18}.Release|x86.ActiveCfg = Release|x86
		{0282021D-29EE-428B-B34B-96FBBEA0BC18}.Release|x86.Build.0 = Release|x86
	EndGlobalSection
	GlobalSection(SolutionProperties) = preSolution
		HideSolutionNode = FALSE
	EndGlobalSection
EndGlobal
