
Microsoft Visual Studio Solution File, Format Version 11.00
# Visual Studio 2010
Project("{FAE04EC0-301F-11D3-BF4B-00C04F79EFBC}") = "HelloService.WebHost", "HelloService.WebHost\HelloService.WebHost.csproj", "{E2358D18-C7D5-4A57-AFFC-7E92BF5FBFBA}"
EndProject
Project("{FAE04EC0-301F-11D3-BF4B-00C04F79EFBC}") = "GreetingService.WebHost", "GreetingService.WebHost\GreetingService.WebHost.csproj", "{FC6FEA59-818F-43A7-BC4F-6D53B5F69BAA}"
EndProject
Global
	GlobalSection(SolutionConfigurationPlatforms) = preSolution
		Debug|Any CPU = Debug|Any CPU
		Release|Any CPU = Release|Any CPU
	EndGlobalSection
	GlobalSection(ProjectConfigurationPlatforms) = postSolution
		{E2358D18-C7D5-4A57-AFFC-7E92BF5FBFBA}.Debug|Any CPU.ActiveCfg = Debug|Any CPU
		{E2358D18-C7D5-4A57-AFFC-7E92BF5FBFBA}.Debug|Any CPU.Build.0 = Debug|Any CPU
		{E2358D18-C7D5-4A57-AFFC-7E92BF5FBFBA}.Release|Any CPU.ActiveCfg = Release|Any CPU
		{E2358D18-C7D5-4A57-AFFC-7E92BF5FBFBA}.Release|Any CPU.Build.0 = Release|Any CPU
		{FC6FEA59-818F-43A7-BC4F-6D53B5F69BAA}.Debug|Any CPU.ActiveCfg = Debug|Any CPU
		{FC6FEA59-818F-43A7-BC4F-6D53B5F69BAA}.Debug|Any CPU.Build.0 = Debug|Any CPU
		{FC6FEA59-818F-43A7-BC4F-6D53B5F69BAA}.Release|Any CPU.ActiveCfg = Release|Any CPU
		{FC6FEA59-818F-43A7-BC4F-6D53B5F69BAA}.Release|Any CPU.Build.0 = Release|Any CPU
	EndGlobalSection
	GlobalSection(SolutionProperties) = preSolution
		HideSolutionNode = FALSE
	EndGlobalSection
EndGlobal
