
Microsoft Visual Studio Solution File, Format Version 11.00
# Visual Studio 2010
Project("{FAE04EC0-301F-11D3-BF4B-00C04F79EFBC}") = "ReadWeb_HttpWebRequest", "ReadWeb_HttpWebRequest\ReadWeb_HttpWebRequest.csproj", "{86CF33D5-0CF3-4E6C-89B1-D70CA7425759}"
EndProject
Global
	GlobalSection(SolutionConfigurationPlatforms) = preSolution
		Debug|x86 = Debug|x86
		Release|x86 = Release|x86
	EndGlobalSection
	GlobalSection(ProjectConfigurationPlatforms) = postSolution
		{86CF33D5-0CF3-4E6C-89B1-D70CA7425759}.Debug|x86.ActiveCfg = Debug|x86
		{86CF33D5-0CF3-4E6C-89B1-D70CA7425759}.Debug|x86.Build.0 = Debug|x86
		{86CF33D5-0CF3-4E6C-89B1-D70CA7425759}.Release|x86.ActiveCfg = Release|x86
		{86CF33D5-0CF3-4E6C-89B1-D70CA7425759}.Release|x86.Build.0 = Release|x86
	EndGlobalSection
	GlobalSection(SolutionProperties) = preSolution
		HideSolutionNode = FALSE
	EndGlobalSection
EndGlobal
